
Microsoft Visual Studio Solution File, Format Version 12.00
# Visual Studio Version 17
VisualStudioVersion = 17.8.34408.163
MinimumVisualStudioVersion = 10.0.40219.1
Project("{2150E333-8FDC-42A3-9474-1A3956D46DE8}") = "src", "src", "{55E98C7A-9A93-4AF2-8264-E29C94FFE3EB}"
EndProject
Project("{2150E333-8FDC-42A3-9474-1A3956D46DE8}") = "tests", "tests", "{43ABA79B-12B7-458C-83DD-28A44889FB87}"
EndProject
Project("{FAE04EC0-301F-11D3-BF4B-00C04F79EFBC}") = "Meicrosoft.Billing.API", "src\Meicrosoft.Billing.API\Meicrosoft.Billing.API.csproj", "{5B183A1C-9622-4D7F-8CE1-94156C5912CC}"
EndProject
Project("{FAE04EC0-301F-11D3-BF4B-00C04F79EFBC}") = "Meicrosoft.Billing.Domain", "src\Meicrosoft.Billing.Domain\Meicrosoft.Billing.Domain.csproj", "{376E35F4-0226-4AF7-A663-F8DFF1525C28}"
EndProject
Project("{FAE04EC0-301F-11D3-BF4B-00C04F79EFBC}") = "Meicrosoft.Billing.Application", "src\Meicrosoft.Billing.Application\Meicrosoft.Billing.Application.csproj", "{1DFD7095-1823-498E-B375-A4A85F1CE54C}"
EndProject
Project("{FAE04EC0-301F-11D3-BF4B-00C04F79EFBC}") = "Meicrosoft.Billing.Infra", "src\Meicrosoft.Billing.Infra\Meicrosoft.Billing.Infra.csproj", "{73231C5B-5AFC-4A0B-B370-D909F671BCEA}"
EndProject
Project("{FAE04EC0-301F-11D3-BF4B-00C04F79EFBC}") = "Meicrosoft.Billing.Infra.CrossCutting", "src\Meicrosoft.Billing.Infra.CrossCutting\Meicrosoft.Billing.Infra.CrossCutting.csproj", "{066208D6-6BA5-4C8E-A898-E5007B66A435}"
EndProject
Global
	GlobalSection(SolutionConfigurationPlatforms) = preSolution
		Debug|Any CPU = Debug|Any CPU
		Release|Any CPU = Release|Any CPU
	EndGlobalSection
	GlobalSection(ProjectConfigurationPlatforms) = postSolution
		{5B183A1C-9622-4D7F-8CE1-94156C5912CC}.Debug|Any CPU.ActiveCfg = Debug|Any CPU
		{5B183A1C-9622-4D7F-8CE1-94156C5912CC}.Debug|Any CPU.Build.0 = Debug|Any CPU
		{5B183A1C-9622-4D7F-8CE1-94156C5912CC}.Release|Any CPU.ActiveCfg = Release|Any CPU
		{5B183A1C-9622-4D7F-8CE1-94156C5912CC}.Release|Any CPU.Build.0 = Release|Any CPU
		{376E35F4-0226-4AF7-A663-F8DFF1525C28}.Debug|Any CPU.ActiveCfg = Debug|Any CPU
		{376E35F4-0226-4AF7-A663-F8DFF1525C28}.Debug|Any CPU.Build.0 = Debug|Any CPU
		{376E35F4-0226-4AF7-A663-F8DFF1525C28}.Release|Any CPU.ActiveCfg = Release|Any CPU
		{376E35F4-0226-4AF7-A663-F8DFF1525C28}.Release|Any CPU.Build.0 = Release|Any CPU
		{1DFD7095-1823-498E-B375-A4A85F1CE54C}.Debug|Any CPU.ActiveCfg = Debug|Any CPU
		{1DFD7095-1823-498E-B375-A4A85F1CE54C}.Debug|Any CPU.Build.0 = Debug|Any CPU
		{1DFD7095-1823-498E-B375-A4A85F1CE54C}.Release|Any CPU.ActiveCfg = Release|Any CPU
		{1DFD7095-1823-498E-B375-A4A85F1CE54C}.Release|Any CPU.Build.0 = Release|Any CPU
		{73231C5B-5AFC-4A0B-B370-D909F671BCEA}.Debug|Any CPU.ActiveCfg = Debug|Any CPU
		{73231C5B-5AFC-4A0B-B370-D909F671BCEA}.Debug|Any CPU.Build.0 = Debug|Any CPU
		{73231C5B-5AFC-4A0B-B370-D909F671BCEA}.Release|Any CPU.ActiveCfg = Release|Any CPU
		{73231C5B-5AFC-4A0B-B370-D909F671BCEA}.Release|Any CPU.Build.0 = Release|Any CPU
		{066208D6-6BA5-4C8E-A898-E5007B66A435}.Debug|Any CPU.ActiveCfg = Debug|Any CPU
		{066208D6-6BA5-4C8E-A898-E5007B66A435}.Debug|Any CPU.Build.0 = Debug|Any CPU
		{066208D6-6BA5-4C8E-A898-E5007B66A435}.Release|Any CPU.ActiveCfg = Release|Any CPU
		{066208D6-6BA5-4C8E-A898-E5007B66A435}.Release|Any CPU.Build.0 = Release|Any CPU
	EndGlobalSection
	GlobalSection(SolutionProperties) = preSolution
		HideSolutionNode = FALSE
	EndGlobalSection
	GlobalSection(NestedProjects) = preSolution
		{5B183A1C-9622-4D7F-8CE1-94156C5912CC} = {55E98C7A-9A93-4AF2-8264-E29C94FFE3EB}
		{376E35F4-0226-4AF7-A663-F8DFF1525C28} = {55E98C7A-9A93-4AF2-8264-E29C94FFE3EB}
		{1DFD7095-1823-498E-B375-A4A85F1CE54C} = {55E98C7A-9A93-4AF2-8264-E29C94FFE3EB}
		{73231C5B-5AFC-4A0B-B370-D909F671BCEA} = {55E98C7A-9A93-4AF2-8264-E29C94FFE3EB}
		{066208D6-6BA5-4C8E-A898-E5007B66A435} = {55E98C7A-9A93-4AF2-8264-E29C94FFE3EB}
	EndGlobalSection
	GlobalSection(ExtensibilityGlobals) = postSolution
		SolutionGuid = {7D970CC4-695F-42C0-A413-8660EADF9D56}
	EndGlobalSection
EndGlobal
